
Microsoft Visual Studio Solution File, Format Version 12.00
# Visual Studio 14
VisualStudioVersion = 14.0.23107.0
MinimumVisualStudioVersion = 10.0.40219.1
Project("{FAE04EC0-301F-11D3-BF4B-00C04F79EFBC}") = "MsDyn.Contrib.CloneFieldDefinitions", "src\lib\MsDyn.Contrib.CloneFieldDefinitions\MsDyn.Contrib.CloneFieldDefinitions.csproj", "{AE0B6277-B040-4985-B66D-1E52B023F9EE}"
EndProject
Project("{2150E333-8FDC-42A3-9474-1A3956D46DE8}") = "Solution Items", "Solution Items", "{F1EFFD2E-0FDF-43AD-A9C1-D5E10468D91E}"
	ProjectSection(SolutionItems) = preProject
		build.fsx = build.fsx
	EndProjectSection
EndProject
Global
	GlobalSection(SolutionConfigurationPlatforms) = preSolution
		Debug|Any CPU = Debug|Any CPU
		Release|Any CPU = Release|Any CPU
	EndGlobalSection
	GlobalSection(ProjectConfigurationPlatforms) = postSolution
		{AE0B6277-B040-4985-B66D-1E52B023F9EE}.Debug|Any CPU.ActiveCfg = Debug|Any CPU
		{AE0B6277-B040-4985-B66D-1E52B023F9EE}.Debug|Any CPU.Build.0 = Debug|Any CPU
		{AE0B6277-B040-4985-B66D-1E52B023F9EE}.Release|Any CPU.ActiveCfg = Release|Any CPU
		{AE0B6277-B040-4985-B66D-1E52B023F9EE}.Release|Any CPU.Build.0 = Release|Any CPU
	EndGlobalSection
	GlobalSection(SolutionProperties) = preSolution
		HideSolutionNode = FALSE
	EndGlobalSection
EndGlobal
